
Microsoft Visual Studio Solution File, Format Version 12.00
# Visual Studio Version 16
VisualStudioVersion = 16.0.30413.136
MinimumVisualStudioVersion = 10.0.40219.1
Project("{9A19103F-16F7-4668-BE54-9A1E7A4F7556}") = "AnemicDomainModelApp", "AnemicDomainModelApp\AnemicDomainModelApp.csproj", "{53A7F244-A6BC-48F2-A2A2-461874F165D7}"
EndProject
Project("{9A19103F-16F7-4668-BE54-9A1E7A4F7556}") = "AnemicDomainModelApp.Domain", "AnemicDomainModelApp.Domain\AnemicDomainModelApp.Domain.csproj", "{44259938-CAD8-4975-9A9F-752687709549}"
EndProject
Project("{9A19103F-16F7-4668-BE54-9A1E7A4F7556}") = "AnemicDomainModelApp.Service", "AnemicDomainModelApp.Service\AnemicDomainModelApp.Service.csproj", "{FBC3CEB2-8368-416C-9519-E0125C9B9581}"
EndProject
Global
	GlobalSection(SolutionConfigurationPlatforms) = preSolution
		Debug|Any CPU = Debug|Any CPU
		Release|Any CPU = Release|Any CPU
	EndGlobalSection
	GlobalSection(ProjectConfigurationPlatforms) = postSolution
		{53A7F244-A6BC-48F2-A2A2-461874F165D7}.Debug|Any CPU.ActiveCfg = Debug|Any CPU
		{53A7F244-A6BC-48F2-A2A2-461874F165D7}.Debug|Any CPU.Build.0 = Debug|Any CPU
		{53A7F244-A6BC-48F2-A2A2-461874F165D7}.Release|Any CPU.ActiveCfg = Release|Any CPU
		{53A7F244-A6BC-48F2-A2A2-461874F165D7}.Release|Any CPU.Build.0 = Release|Any CPU
		{44259938-CAD8-4975-9A9F-752687709549}.Debug|Any CPU.ActiveCfg = Debug|Any CPU
		{44259938-CAD8-4975-9A9F-752687709549}.Debug|Any CPU.Build.0 = Debug|Any CPU
		{44259938-CAD8-4975-9A9F-752687709549}.Release|Any CPU.ActiveCfg = Release|Any CPU
		{44259938-CAD8-4975-9A9F-752687709549}.Release|Any CPU.Build.0 = Release|Any CPU
		{FBC3CEB2-8368-416C-9519-E0125C9B9581}.Debug|Any CPU.ActiveCfg = Debug|Any CPU
		{FBC3CEB2-8368-416C-9519-E0125C9B9581}.Debug|Any CPU.Build.0 = Debug|Any CPU
		{FBC3CEB2-8368-416C-9519-E0125C9B9581}.Release|Any CPU.ActiveCfg = Release|Any CPU
		{FBC3CEB2-8368-416C-9519-E0125C9B9581}.Release|Any CPU.Build.0 = Release|Any CPU
	EndGlobalSection
	GlobalSection(SolutionProperties) = preSolution
		HideSolutionNode = FALSE
	EndGlobalSection
	GlobalSection(ExtensibilityGlobals) = postSolution
		SolutionGuid = {E0E2BE84-BFAD-49A1-A884-7FE1DA9DF32A}
	EndGlobalSection
EndGlobal
